github.com/alfalfalfa/go-jsschema v0.0.0-20170831160818-d47a48066111 h1:TwVhArls+9KZ2isuTeP7KGuiq1oi+GP9kCeeFhPXD9I=
github.com/alfalfalfa/go-jsschema v0.0.0-20170831160818-d47a48066111/go.mod h1:zEnpkBAe4xPKvaiztf2G/ijut0ZZz2UUJ4QQnXw91SQ=
github.com/davecgh/go-spew v1.1.0/go.mod h1:J7Y8YcW2NihsgmVo/mv3lAwl/skON4iLHjSsI+c5H38=
github.com/davecgh/go-spew v1.1.1 h1:vj9j/u1bqnvCEfJOwUhtlOARqs3+rkHYY13jYWTU97c=
github.com/davecgh/go-spew v1.1.1/go.mod h1:J7Y8YcW2NihsgmVo/mv3lAwl/skON4iLHjSsI+c5H38=
github.com/docopt/docopt-go v0.0.0-20180111231733-ee0de3bc6815 h1:bWDMxwH3px2JBh6AyO7hdCn/PkvCZXii8TGj7sbtEbQ=
github.com/docopt/docopt-go v0.0.0-20180111231733-ee0de3bc6815/go.mod h1:WwZ+bS3ebgob9U8Nd0kOddGdZWjyMGR8Wziv+TBNwSE=
github.com/flosch/pongo2 v0.0.0-20200805083417-63c99409991d h1:YTH02tThgE2P472FmZRLKUMQ3f8bq2XEDC24ZtAqNWU=
github.com/flosch/pongo2 v0.0.0-20200805083417-63c99409991d/go.mod h1:iRjKlxWTYIaf2vWBR7UdOAqduijbwbZgpsoO6oLVXRs=
github.com/jinzhu/inflection v1.0.0 h1:K317FqzuhWc8YvSVlFMCCUb36O/S9MCKRDI7QkRKD/E=
github.com/jinzhu/inflection v1.0.0/go.mod h1:h+uFLlag+Qp1Va5pdKtLDYj+kHp5pxUVkryuEj+Srlc=
github.com/kr/pretty v0.1.0/go.mod h1:dAy3ld7l9f0ibDNOQOHHMYYIIbhfbHSm3C4ZsoJORNo=
github.com/kr/pty v1.1.1/go.mod h1:pFQYn66WHrOpPYNljwOMqo10TkYh1fy3cYio2l3bCsQ=
github.com/kr/text v0.1.0 h1:45sCR5RtlFHMR4UwH9sdQ5TC8v0qDQCHnXt+kaKSTVE=
github.com/kr/text v0.1.0/go.mod h1:4Jbv+DJW3UT/LiOwJeYQe1efqtUx/iVham/4vfdArNI=
github.com/lestrrat-go/jspointer v0.0.0-20181205001929-82fadba7561c h1:pGh5EFIfczeDHwgMHgfwjhZzL+8/E3uZF6T7vER/W8c=
github.com/lestrrat-go/jspointer v0.0.0-20181205001929-82fadba7561c/go.mod h1:xw2Gm4Mg+ST9s8fHR1VkUIyOJMJnSloRZlPQB+wyVpY=
github.com/lestrrat-go/jsref v0.0.0-20211028120858-c0bcbb5abf20 h1:E1vlSQTLj+2EK0mrFGDc57u3QN7RybAUiGEOUAlYRd0=
github.com/lestrrat-go/jsref v0.0.0-20211028120858-c0bcbb5abf20/go.mod h1:A5HUnnciqLnCzBsUqvspKKUgIkA+i/4dSaqmKV/D2Pw=
github.com/lestrrat-go/jsschema v0.0.0-20181205002244-5c81c58ffcc3 h1:TSKrrGm89gmmVlrG34ZzCIOMNVk5kkSV1P88Dt38DiE=
github.com/lestrrat-go/jsschema v0.0.0-20181205002244-5c81c58ffcc3/go.mod h1:SVfIykmWQyFuRToBTKQ8AcveWeOunS2phYxA8hJ/6Gg=
github.com/lestrrat-go/jsval v0.0.0-20181205002323-20277e9befc0 h1:w4rIjeCV/gQpxtn3i1voyF6Hd7v1mRGIB63F7RZOk1U=
github.com/lestrrat-go/jsval v0.0.0-20181205002323-20277e9befc0/go.mod h1:hazjwMAn+trtmUnjvhIzSIZ0YS+2egAMonQMjDhcC2s=
github.com/lestrrat-go/option v1.0.0 h1:WqAWL8kh8VcSoD6xjSH34/1m8yxluXQbDeKNfvFeEO4=
github.com/lestrrat-go/pdebug v0.0.0-20210111095411-35b07dbf089b h1:2v0K4PeWeccG1wpznCE71PqO5scFzSj3jZGkQaVYEWg=
github.com/lestrrat-go/pdebug v0.0.0-20210111095411-35b07dbf089b/go.mod h1:RbVbom7RDVgpH5IqUPbhJ425z9iRIRH0tRWp+uxEjCE=
github.com/lestrrat-go/structinfo v0.0.0-20210312050401-7f8bd69d6acb h1:DDg5u5lk2v8O8qxs8ecQkMUBj3tLW6wkSLzxxOyi1Ig=
github.com/lestrrat-go/structinfo v0.0.0-20210312050401-7f8bd69d6acb/go.mod h1:i+E8Uf04vf2QjOWyJdGY75vmG+4rxiZW2kIj1lTB5mo=
github.com/lestrrat/go-jsref v0.0.0-20181205001954-1b590508f37d h1:G7DyvXqr61Qh7HhZpZRgX5hOlOLp7bMcxzQq3KZ/3xw=
github.com/lestrrat/go-jsref v0.0.0-20181205001954-1b590508f37d/go.mod h1:ewgzjfV6sBmg2NjHA2MTcjxcpOfyy5y0HohDoo1fK1M=
github.com/lestrrat/go-jsschema v0.0.0-20181205002244-5c81c58ffcc3 h1:UaOmzcaCH2ziMcSbQFBq/3Iuz/E/Jr/GOGtV80jpFII=
github.com/lestrrat/go-jsschema v0.0.0-20181205002244-5c81c58ffcc3/go.mod h1:mwYHT2Axb+cWge5Mj02uHhpi6Gfag30trq7E7AOMAdY=
github.com/lestrrat/go-pdebug v0.0.0-20180220043741-569c97477ae8 h1:ttJD8hTqvrPEUBoAG5hJKbDOJ84u7zmbnZsUL4V9430=
github.com/lestrrat/go-pdebug v0.0.0-20180220043741-569c97477ae8/go.mod h1:VXFH11P7fHn2iPBsfSW1JacR59rttTcafJnwYcI/IdY=
github.com/niemeyer/pretty v0.0.0-20200227124842-a10e7caefd8e h1:fD57ERR4JtEqsWbfPhv4DMiApHyliiK5xCTNVSPiaAs=
github.com/niemeyer/pretty v0.0.0-20200227124842-a10e7caefd8e/go.mod h1:zD1mROLANZcx1PVRCS0qkT7pwLkGfwJo4zjcN/Tysno=
github.com/pkg/errors v0.9.1 h1:FEBLx1zS214owpjy7qsBeixbURkuhQAwrK5UwLGTwt4=
github.com/pkg/errors v0.9.1/go.mod h1:bwawxfHBFNV+L2hUp1rHADufV3IMtnDRdf1r5NINEl0=
github.com/pmezard/go-difflib v1.0.0 h1:4DBwDE0NGyQoBHbLQYPwSUPoCMWR5BEzIk/f1lZbAQM=
github.com/pmezard/go-difflib v1.0.0/go.mod h1:iKH77koFhYxTK1pcRnkKkqfTogsbg7gZNVY4sRDYZ/4=
github.com/stretchr/objx v0.1.0/go.mod h1:HFkY916IF+rwdDfMAkV7OtwuqBVzrE8GR6GFx+wExME=
github.com/stretchr/testify v1.3.0/go.mod h1:M5WIy9Dh21IEIfnGCwXGc5bZfKNJtfHm1UVUgZn+9EI=
github.com/stretchr/testify v1.4.0/go.mod h1:j7eGeouHqKxXV5pUuKE4zz7dFj8WfuZ+81PSLYec5m4=
github.com/stretchr/testify v1.7.0 h1:nwc3DEeHmmLAfoZucVR881uASk0Mfjw8xYJ99tb5CcY=
github.com/stretchr/testify v1.7.0/go.mod h1:6Fq8oRcR53rry900zMqJjRRixrwX3KX962/h/Wwjteg=
github.com/tealeg/xlsx v1.0.5 h1:+f8oFmvY8Gw1iUXzPk+kz+4GpbDZPK1FhPiQRd+ypgE=
github.com/tealeg/xlsx v1.0.5/go.mod h1:btRS8dz54TDnvKNosuAqxrM1QgN1udgk9O34bDCnORM=
github.com/xeipuuv/gojsonpointer v0.0.0-20180127040702-4e3ac2762d5f h1:J9EGpcZtP0E/raorCMxlFGSTBrsSlaDGf3jU/qvAE2c=
github.com/xeipuuv/gojsonpointer v0.0.0-20180127040702-4e3ac2762d5f/go.mod h1:N2zxlSyiKSe5eX1tZViRH5QA0qijqEDrYZiPEAiq3wU=
github.com/xeipuuv/gojsonreference v0.0.0-20180127040603-bd5ef7bd5415 h1:EzJWgHovont7NscjpAxXsDA8S8BMYve8Y5+7cuRE7R0=
github.com/xeipuuv/gojsonreference v0.0.0-20180127040603-bd5ef7bd5415/go.mod h1:GwrjFmJcFw6At/Gs6z4yjiIwzuJ1/+UwLxMQDVQXShQ=
github.com/xeipuuv/gojsonschema v1.2.0 h1:LhYJRs+L4fBtjZUfuSZIKGeVu0QRy8e5Xi7D17UxZ74=
github.com/xeipuuv/gojsonschema v1.2.0/go.mod h1:anYRn/JVcOK2ZgGU+IjEV4nwlhoK5sQluxsYJ78Id3Y=
gopkg.in/check.v1 v0.0.0-20161208181325-20d25e280405/go.mod h1:Co6ibVJAznAaIkqp8huTwlJQCZ016jof/cbN4VW5Yz0=
gopkg.in/check.v1 v1.0.0-20190902080502-41f04d3bba15/go.mod h1:Co6ibVJAznAaIkqp8huTwlJQCZ016jof/cbN4VW5Yz0=
gopkg.in/check.v1 v1.0.0-20200227125254-8fa46927fb4f h1:BLraFXnmrev5lT+xlilqcH8XK9/i0At2xKjWk4p6zsU=
gopkg.in/check.v1 v1.0.0-20200227125254-8fa46927fb4f/go.mod h1:Co6ibVJAznAaIkqp8huTwlJQCZ016jof/cbN4VW5Yz0=
gopkg.in/yaml.v2 v2.2.2/go.mod h1:hI93XBmqTisBFMUTm0b8Fm+jr3Dg1NNxqwp+5A1VGuI=
gopkg.in/yaml.v2 v2.3.0 h1:clyUAQHOM3G0M3f5vQj7LuJrETvjVot3Z5el9nffUtU=
gopkg.in/yaml.v2 v2.3.0/go.mod h1:hI93XBmqTisBFMUTm0b8Fm+jr3Dg1NNxqwp+5A1VGuI=
gopkg.in/yaml.v3 v3.0.0-20200313102051-9f266ea9e77c h1:dUUwHk2QECo/6vqA44rthZ8ie2QXMNeKRTHCNY2nXvo=
gopkg.in/yaml.v3 v3.0.0-20200313102051-9f266ea9e77c/go.mod h1:K4uyk7z7BCEPqu6E+C64Yfv1cQ7kz7rIZviUmN+EgEM=
